
Microsoft Visual Studio Solution File, Format Version 12.00
# Visual Studio Version 16
VisualStudioVersion = 16.0.30413.136
MinimumVisualStudioVersion = 10.0.40219.1
Project("{9A19103F-16F7-4668-BE54-9A1E7A4F7556}") = "Abp.AspNetCore.Mvc.UI.Theme.LYear", "src\Abp.AspNetCore.Mvc.UI.Theme.LYear.csproj", "{CE9392BE-2391-42CA-A92E-3D73214A8DA4}"
EndProject
Global
	GlobalSection(SolutionConfigurationPlatforms) = preSolution
		Debug|Any CPU = Debug|Any CPU
		Release|Any CPU = Release|Any CPU
	EndGlobalSection
	GlobalSection(ProjectConfigurationPlatforms) = postSolution
		{CE9392BE-2391-42CA-A92E-3D73214A8DA4}.Debug|Any CPU.ActiveCfg = Debug|Any CPU
		{CE9392BE-2391-42CA-A92E-3D73214A8DA4}.Debug|Any CPU.Build.0 = Debug|Any CPU
		{CE9392BE-2391-42CA-A92E-3D73214A8DA4}.Release|Any CPU.ActiveCfg = Release|Any CPU
		{CE9392BE-2391-42CA-A92E-3D73214A8DA4}.Release|Any CPU.Build.0 = Release|Any CPU
	EndGlobalSection
	GlobalSection(SolutionProperties) = preSolution
		HideSolutionNode = FALSE
	EndGlobalSection
	GlobalSection(ExtensibilityGlobals) = postSolution
		SolutionGuid = {7A0463FA-780D-4A2A-9529-CB303B498728}
	EndGlobalSection
EndGlobal
