
Microsoft Visual Studio Solution File, Format Version 12.00
# Visual Studio Version 16
VisualStudioVersion = 16.0.30413.136
MinimumVisualStudioVersion = 10.0.40219.1
Project("{2150E333-8FDC-42A3-9474-1A3956D46DE8}") = "src", "src", "{44575307-5F1C-4533-917E-9D7247940A83}"
EndProject
Project("{2150E333-8FDC-42A3-9474-1A3956D46DE8}") = "samples", "samples", "{D9A0FCD4-41E0-4C4C-AD3C-434AD8FC0A3A}"
EndProject
Project("{2150E333-8FDC-42A3-9474-1A3956D46DE8}") = "test", "test", "{E74C3F8F-36D9-4440-8A96-6B140AD691DB}"
EndProject
Project("{9A19103F-16F7-4668-BE54-9A1E7A4F7556}") = "LYearUiSample.Application", "samples\LYearUiSample.Application\LYearUiSample.Application.csproj", "{74D85A19-3B24-4016-A46B-9142D5F4F99E}"
EndProject
Project("{9A19103F-16F7-4668-BE54-9A1E7A4F7556}") = "LYearUiSample.Application.Contracts", "samples\LYearUiSample.Application.Contracts\LYearUiSample.Application.Contracts.csproj", "{8BA1AA2F-E58A-4490-8D2F-2D00FCE7035B}"
EndProject
Project("{9A19103F-16F7-4668-BE54-9A1E7A4F7556}") = "LYearUiSample.DbMigrator", "samples\LYearUiSample.DbMigrator\LYearUiSample.DbMigrator.csproj", "{78AF7E81-186A-49E9-AA0B-0DA513CD93D3}"
EndProject
Project("{9A19103F-16F7-4668-BE54-9A1E7A4F7556}") = "LYearUiSample.Domain", "samples\LYearUiSample.Domain\LYearUiSample.Domain.csproj", "{124385F8-6640-4A6A-A2FD-E82FD5D02A17}"
EndProject
Project("{9A19103F-16F7-4668-BE54-9A1E7A4F7556}") = "LYearUiSample.Domain.Shared", "samples\LYearUiSample.Domain.Shared\LYearUiSample.Domain.Shared.csproj", "{89FF33B6-BE0A-4558-A985-63A934C43D17}"
EndProject
Project("{9A19103F-16F7-4668-BE54-9A1E7A4F7556}") = "LYearUiSample.EntityFrameworkCore", "samples\LYearUiSample.EntityFrameworkCore\LYearUiSample.EntityFrameworkCore.csproj", "{A07BF559-A86B-4492-939C-0DF2B76064FF}"
EndProject
Project("{9A19103F-16F7-4668-BE54-9A1E7A4F7556}") = "LYearUiSample.EntityFrameworkCore.DbMigrations", "samples\LYearUiSample.EntityFrameworkCore.DbMigrations\LYearUiSample.EntityFrameworkCore.DbMigrations.csproj", "{7CE0C0E7-7DEC-4987-B3EA-A28A17D1AC40}"
EndProject
Project("{9A19103F-16F7-4668-BE54-9A1E7A4F7556}") = "LYearUiSample.HttpApi", "samples\LYearUiSample.HttpApi\LYearUiSample.HttpApi.csproj", "{0CA4453E-A485-46E6-8E90-2B155FEC6463}"
EndProject
Project("{9A19103F-16F7-4668-BE54-9A1E7A4F7556}") = "LYearUiSample.HttpApi.Client", "samples\LYearUiSample.HttpApi.Client\LYearUiSample.HttpApi.Client.csproj", "{B27900F6-A911-418B-99D6-5C010D2DA619}"
EndProject
Project("{9A19103F-16F7-4668-BE54-9A1E7A4F7556}") = "LYearUiSample.Web", "samples\LYearUiSample.Web\LYearUiSample.Web.csproj", "{93BB2BE6-ED1A-4B7F-A723-4B3D5F96EC20}"
EndProject
Project("{9A19103F-16F7-4668-BE54-9A1E7A4F7556}") = "LYearUiSample.Application.Tests", "test\LYearUiSample.Application.Tests\LYearUiSample.Application.Tests.csproj", "{D5F8BD33-A48A-4739-A987-D6944AE03E37}"
EndProject
Project("{9A19103F-16F7-4668-BE54-9A1E7A4F7556}") = "LYearUiSample.Domain.Tests", "test\LYearUiSample.Domain.Tests\LYearUiSample.Domain.Tests.csproj", "{2B4DAF81-D953-4E74-9EBA-D5CB4564F3F0}"
EndProject
Project("{9A19103F-16F7-4668-BE54-9A1E7A4F7556}") = "LYearUiSample.EntityFrameworkCore.Tests", "test\LYearUiSample.EntityFrameworkCore.Tests\LYearUiSample.EntityFrameworkCore.Tests.csproj", "{8CB8F2D8-5D72-42EF-A333-BF732DAADA10}"
EndProject
Project("{9A19103F-16F7-4668-BE54-9A1E7A4F7556}") = "LYearUiSample.HttpApi.Client.ConsoleTestApp", "test\LYearUiSample.HttpApi.Client.ConsoleTestApp\LYearUiSample.HttpApi.Client.ConsoleTestApp.csproj", "{11F39ED2-F474-4DFB-8816-E76B91254685}"
EndProject
Project("{9A19103F-16F7-4668-BE54-9A1E7A4F7556}") = "LYearUiSample.TestBase", "test\LYearUiSample.TestBase\LYearUiSample.TestBase.csproj", "{5F36F949-A4A8-4C3E-9230-68F7E6D125C6}"
EndProject
Project("{9A19103F-16F7-4668-BE54-9A1E7A4F7556}") = "LYearUiSample.Web.Tests", "test\LYearUiSample.Web.Tests\LYearUiSample.Web.Tests.csproj", "{5C04EF1B-CCFE-470E-8AE4-249F8B76762E}"
EndProject
Project("{9A19103F-16F7-4668-BE54-9A1E7A4F7556}") = "EasyAbp.Abp.AspNetCore.Mvc.UI.Theme.LYear", "src\EasyAbp.Abp.AspNetCore.Mvc.UI.Theme.LYear.csproj", "{1D2FB6DB-2143-4EF7-9F93-36DEED5B27A2}"
EndProject
Global
	GlobalSection(SolutionConfigurationPlatforms) = preSolution
		Debug|Any CPU = Debug|Any CPU
		Release|Any CPU = Release|Any CPU
	EndGlobalSection
	GlobalSection(ProjectConfigurationPlatforms) = postSolution
		{74D85A19-3B24-4016-A46B-9142D5F4F99E}.Debug|Any CPU.ActiveCfg = Debug|Any CPU
		{74D85A19-3B24-4016-A46B-9142D5F4F99E}.Debug|Any CPU.Build.0 = Debug|Any CPU
		{74D85A19-3B24-4016-A46B-9142D5F4F99E}.Release|Any CPU.ActiveCfg = Release|Any CPU
		{74D85A19-3B24-4016-A46B-9142D5F4F99E}.Release|Any CPU.Build.0 = Release|Any CPU
		{8BA1AA2F-E58A-4490-8D2F-2D00FCE7035B}.Debug|Any CPU.ActiveCfg = Debug|Any CPU
		{8BA1AA2F-E58A-4490-8D2F-2D00FCE7035B}.Debug|Any CPU.Build.0 = Debug|Any CPU
		{8BA1AA2F-E58A-4490-8D2F-2D00FCE7035B}.Release|Any CPU.ActiveCfg = Release|Any CPU
		{8BA1AA2F-E58A-4490-8D2F-2D00FCE7035B}.Release|Any CPU.Build.0 = Release|Any CPU
		{78AF7E81-186A-49E9-AA0B-0DA513CD93D3}.Debug|Any CPU.ActiveCfg = Debug|Any CPU
		{78AF7E81-186A-49E9-AA0B-0DA513CD93D3}.Debug|Any CPU.Build.0 = Debug|Any CPU
		{78AF7E81-186A-49E9-AA0B-0DA513CD93D3}.Release|Any CPU.ActiveCfg = Release|Any CPU
		{78AF7E81-186A-49E9-AA0B-0DA513CD93D3}.Release|Any CPU.Build.0 = Release|Any CPU
		{124385F8-6640-4A6A-A2FD-E82FD5D02A17}.Debug|Any CPU.ActiveCfg = Debug|Any CPU
		{124385F8-6640-4A6A-A2FD-E82FD5D02A17}.Debug|Any CPU.Build.0 = Debug|Any CPU
		{124385F8-6640-4A6A-A2FD-E82FD5D02A17}.Release|Any CPU.ActiveCfg = Release|Any CPU
		{124385F8-6640-4A6A-A2FD-E82FD5D02A17}.Release|Any CPU.Build.0 = Release|Any CPU
		{89FF33B6-BE0A-4558-A985-63A934C43D17}.Debug|Any CPU.ActiveCfg = Debug|Any CPU
		{89FF33B6-BE0A-4558-A985-63A934C43D17}.Debug|Any CPU.Build.0 = Debug|Any CPU
		{89FF33B6-BE0A-4558-A985-63A934C43D17}.Release|Any CPU.ActiveCfg = Release|Any CPU
		{89FF33B6-BE0A-4558-A985-63A934C43D17}.Release|Any CPU.Build.0 = Release|Any CPU
		{A07BF559-A86B-4492-939C-0DF2B76064FF}.Debug|Any CPU.ActiveCfg = Debug|Any CPU
		{A07BF559-A86B-4492-939C-0DF2B76064FF}.Debug|Any CPU.Build.0 = Debug|Any CPU
		{A07BF559-A86B-4492-939C-0DF2B76064FF}.Release|Any CPU.ActiveCfg = Release|Any CPU
		{A07BF559-A86B-4492-939C-0DF2B76064FF}.Release|Any CPU.Build.0 = Release|Any CPU
		{7CE0C0E7-7DEC-4987-B3EA-A28A17D1AC40}.Debug|Any CPU.ActiveCfg = Debug|Any CPU
		{7CE0C0E7-7DEC-4987-B3EA-A28A17D1AC40}.Debug|Any CPU.Build.0 = Debug|Any CPU
		{7CE0C0E7-7DEC-4987-B3EA-A28A17D1AC40}.Release|Any CPU.ActiveCfg = Release|Any CPU
		{7CE0C0E7-7DEC-4987-B3EA-A28A17D1AC40}.Release|Any CPU.Build.0 = Release|Any CPU
		{0CA4453E-A485-46E6-8E90-2B155FEC6463}.Debug|Any CPU.ActiveCfg = Debug|Any CPU
		{0CA4453E-A485-46E6-8E90-2B155FEC6463}.Debug|Any CPU.Build.0 = Debug|Any CPU
		{0CA4453E-A485-46E6-8E90-2B155FEC6463}.Release|Any CPU.ActiveCfg = Release|Any CPU
		{0CA4453E-A485-46E6-8E90-2B155FEC6463}.Release|Any CPU.Build.0 = Release|Any CPU
		{B27900F6-A911-418B-99D6-5C010D2DA619}.Debug|Any CPU.ActiveCfg = Debug|Any CPU
		{B27900F6-A911-418B-99D6-5C010D2DA619}.Debug|Any CPU.Build.0 = Debug|Any CPU
		{B27900F6-A911-418B-99D6-5C010D2DA619}.Release|Any CPU.ActiveCfg = Release|Any CPU
		{B27900F6-A911-418B-99D6-5C010D2DA619}.Release|Any CPU.Build.0 = Release|Any CPU
		{93BB2BE6-ED1A-4B7F-A723-4B3D5F96EC20}.Debug|Any CPU.ActiveCfg = Debug|Any CPU
		{93BB2BE6-ED1A-4B7F-A723-4B3D5F96EC20}.Debug|Any CPU.Build.0 = Debug|Any CPU
		{93BB2BE6-ED1A-4B7F-A723-4B3D5F96EC20}.Release|Any CPU.ActiveCfg = Release|Any CPU
		{93BB2BE6-ED1A-4B7F-A723-4B3D5F96EC20}.Release|Any CPU.Build.0 = Release|Any CPU
		{D5F8BD33-A48A-4739-A987-D6944AE03E37}.Debug|Any CPU.ActiveCfg = Debug|Any CPU
		{D5F8BD33-A48A-4739-A987-D6944AE03E37}.Debug|Any CPU.Build.0 = Debug|Any CPU
		{D5F8BD33-A48A-4739-A987-D6944AE03E37}.Release|Any CPU.ActiveCfg = Release|Any CPU
		{D5F8BD33-A48A-4739-A987-D6944AE03E37}.Release|Any CPU.Build.0 = Release|Any CPU
		{2B4DAF81-D953-4E74-9EBA-D5CB4564F3F0}.Debug|Any CPU.ActiveCfg = Debug|Any CPU
		{2B4DAF81-D953-4E74-9EBA-D5CB4564F3F0}.Debug|Any CPU.Build.0 = Debug|Any CPU
		{2B4DAF81-D953-4E74-9EBA-D5CB4564F3F0}.Release|Any CPU.ActiveCfg = Release|Any CPU
		{2B4DAF81-D953-4E74-9EBA-D5CB4564F3F0}.Release|Any CPU.Build.0 = Release|Any CPU
		{8CB8F2D8-5D72-42EF-A333-BF732DAADA10}.Debug|Any CPU.ActiveCfg = Debug|Any CPU
		{8CB8F2D8-5D72-42EF-A333-BF732DAADA10}.Debug|Any CPU.Build.0 = Debug|Any CPU
		{8CB8F2D8-5D72-42EF-A333-BF732DAADA10}.Release|Any CPU.ActiveCfg = Release|Any CPU
		{8CB8F2D8-5D72-42EF-A333-BF732DAADA10}.Release|Any CPU.Build.0 = Release|Any CPU
		{11F39ED2-F474-4DFB-8816-E76B91254685}.Debug|Any CPU.ActiveCfg = Debug|Any CPU
		{11F39ED2-F474-4DFB-8816-E76B91254685}.Debug|Any CPU.Build.0 = Debug|Any CPU
		{11F39ED2-F474-4DFB-8816-E76B91254685}.Release|Any CPU.ActiveCfg = Release|Any CPU
		{11F39ED2-F474-4DFB-8816-E76B91254685}.Release|Any CPU.Build.0 = Release|Any CPU
		{5F36F949-A4A8-4C3E-9230-68F7E6D125C6}.Debug|Any CPU.ActiveCfg = Debug|Any CPU
		{5F36F949-A4A8-4C3E-9230-68F7E6D125C6}.Debug|Any CPU.Build.0 = Debug|Any CPU
		{5F36F949-A4A8-4C3E-9230-68F7E6D125C6}.Release|Any CPU.ActiveCfg = Release|Any CPU
		{5F36F949-A4A8-4C3E-9230-68F7E6D125C6}.Release|Any CPU.Build.0 = Release|Any CPU
		{5C04EF1B-CCFE-470E-8AE4-249F8B76762E}.Debug|Any CPU.ActiveCfg = Debug|Any CPU
		{5C04EF1B-CCFE-470E-8AE4-249F8B76762E}.Debug|Any CPU.Build.0 = Debug|Any CPU
		{5C04EF1B-CCFE-470E-8AE4-249F8B76762E}.Release|Any CPU.ActiveCfg = Release|Any CPU
		{5C04EF1B-CCFE-470E-8AE4-249F8B76762E}.Release|Any CPU.Build.0 = Release|Any CPU
		{1D2FB6DB-2143-4EF7-9F93-36DEED5B27A2}.Debug|Any CPU.ActiveCfg = Debug|Any CPU
		{1D2FB6DB-2143-4EF7-9F93-36DEED5B27A2}.Debug|Any CPU.Build.0 = Debug|Any CPU
		{1D2FB6DB-2143-4EF7-9F93-36DEED5B27A2}.Release|Any CPU.ActiveCfg = Release|Any CPU
		{1D2FB6DB-2143-4EF7-9F93-36DEED5B27A2}.Release|Any CPU.Build.0 = Release|Any CPU
	EndGlobalSection
	GlobalSection(SolutionProperties) = preSolution
		HideSolutionNode = FALSE
	EndGlobalSection
	GlobalSection(NestedProjects) = preSolution
		{74D85A19-3B24-4016-A46B-9142D5F4F99E} = {D9A0FCD4-41E0-4C4C-AD3C-434AD8FC0A3A}
		{8BA1AA2F-E58A-4490-8D2F-2D00FCE7035B} = {D9A0FCD4-41E0-4C4C-AD3C-434AD8FC0A3A}
		{78AF7E81-186A-49E9-AA0B-0DA513CD93D3} = {D9A0FCD4-41E0-4C4C-AD3C-434AD8FC0A3A}
		{124385F8-6640-4A6A-A2FD-E82FD5D02A17} = {D9A0FCD4-41E0-4C4C-AD3C-434AD8FC0A3A}
		{89FF33B6-BE0A-4558-A985-63A934C43D17} = {D9A0FCD4-41E0-4C4C-AD3C-434AD8FC0A3A}
		{A07BF559-A86B-4492-939C-0DF2B76064FF} = {D9A0FCD4-41E0-4C4C-AD3C-434AD8FC0A3A}
		{7CE0C0E7-7DEC-4987-B3EA-A28A17D1AC40} = {D9A0FCD4-41E0-4C4C-AD3C-434AD8FC0A3A}
		{0CA4453E-A485-46E6-8E90-2B155FEC6463} = {D9A0FCD4-41E0-4C4C-AD3C-434AD8FC0A3A}
		{B27900F6-A911-418B-99D6-5C010D2DA619} = {D9A0FCD4-41E0-4C4C-AD3C-434AD8FC0A3A}
		{93BB2BE6-ED1A-4B7F-A723-4B3D5F96EC20} = {D9A0FCD4-41E0-4C4C-AD3C-434AD8FC0A3A}
		{D5F8BD33-A48A-4739-A987-D6944AE03E37} = {E74C3F8F-36D9-4440-8A96-6B140AD691DB}
		{2B4DAF81-D953-4E74-9EBA-D5CB4564F3F0} = {E74C3F8F-36D9-4440-8A96-6B140AD691DB}
		{8CB8F2D8-5D72-42EF-A333-BF732DAADA10} = {E74C3F8F-36D9-4440-8A96-6B140AD691DB}
		{11F39ED2-F474-4DFB-8816-E76B91254685} = {E74C3F8F-36D9-4440-8A96-6B140AD691DB}
		{5F36F949-A4A8-4C3E-9230-68F7E6D125C6} = {E74C3F8F-36D9-4440-8A96-6B140AD691DB}
		{5C04EF1B-CCFE-470E-8AE4-249F8B76762E} = {E74C3F8F-36D9-4440-8A96-6B140AD691DB}
		{1D2FB6DB-2143-4EF7-9F93-36DEED5B27A2} = {44575307-5F1C-4533-917E-9D7247940A83}
	EndGlobalSection
	GlobalSection(ExtensibilityGlobals) = postSolution
		SolutionGuid = {7A0463FA-780D-4A2A-9529-CB303B498728}
	EndGlobalSection
EndGlobal
